// !$*UTF8*$!
{
	archiveVersion = 1;
	classes = {
	};
	objectVersion = 50;
	objects = {

/* Begin PBXBuildFile section */
		3B059E7123BC7B9E001CA1AE /* AppDelegate.m in Sources */ = {isa = PBXBuildFile; fileRef = 3B059E7023BC7B9E001CA1AE /* AppDelegate.m */; };
		3B059E7423BC7B9E001CA1AE /* SceneDelegate.m in Sources */ = {isa = PBXBuildFile; fileRef = 3B059E7323BC7B9E001CA1AE /* SceneDelegate.m */; };
		3B059E7723BC7B9E001CA1AE /* ViewController.m in Sources */ = {isa = PBXBuildFile; fileRef = 3B059E7623BC7B9E001CA1AE /* ViewController.m */; };
		3B059E7A23BC7B9E001CA1AE /* Main.storyboard in Resources */ = {isa = PBXBuildFile; fileRef = 3B059E7823BC7B9E001CA1AE /* Main.storyboard */; };
		3B059E7C23BC7B9F001CA1AE /* Assets.xcassets in Resources */ = {isa = PBXBuildFile; fileRef = 3B059E7B23BC7B9F001CA1AE /* Assets.xcassets */; };
		3B059E7F23BC7B9F001CA1AE /* LaunchScreen.storyboard in Resources */ = {isa = PBXBuildFile; fileRef = 3B059E7D23BC7B9F001CA1AE /* LaunchScreen.storyboard */; };
		3B059E8223BC7B9F001CA1AE /* main.m in Sources */ = {isa = PBXBuildFile; fileRef = 3B059E8123BC7B9F001CA1AE /* main.m */; };
		496FACAEEC9F3D0505688B24 /* Pods_Fastlane_iOS.framework in Frameworks */ = {isa = PBXBuildFile; fileRef = DE718A93C118C38DB64F4BF2 /* Pods_Fastlane_iOS.framework */; };
/* End PBXBuildFile section */

/* Begin PBXFileReference section */
		3B059E6C23BC7B9E001CA1AE /* Fastlane_iOS.app */ = {isa = PBXFileReference; explicitFileType = wrapper.application; includeInIndex = 0; path = Fastlane_iOS.app; sourceTree = BUILT_PRODUCTS_DIR; };
		3B059E6F23BC7B9E001CA1AE /* AppDelegate.h */ = {isa = PBXFileReference; lastKnownFileType = sourcecode.c.h; path = AppDelegate.h; sourceTree = "<group>"; };
		3B059E7023BC7B9E001CA1AE /* AppDelegate.m */ = {isa = PBXFileReference; lastKnownFileType = sourcecode.c.objc; path = AppDelegate.m; sourceTree = "<group>"; };
		3B059E7223BC7B9E001CA1AE /* SceneDelegate.h */ = {isa = PBXFileReference; lastKnownFileType = sourcecode.c.h; path = SceneDelegate.h; sourceTree = "<group>"; };
		3B059E7323BC7B9E001CA1AE /* SceneDelegate.m */ = {isa = PBXFileReference; lastKnownFileType = sourcecode.c.objc; path = SceneDelegate.m; sourceTree = "<group>"; };
		3B059E7523BC7B9E001CA1AE /* ViewController.h */ = {isa = PBXFileReference; lastKnownFileType = sourcecode.c.h; path = ViewController.h; sourceTree = "<group>"; };
		3B059E7623BC7B9E001CA1AE /* ViewController.m */ = {isa = PBXFileReference; lastKnownFileType = sourcecode.c.objc; path = ViewController.m; sourceTree = "<group>"; };
		3B059E7923BC7B9E001CA1AE /* Base */ = {isa = PBXFileReference; lastKnownFileType = file.storyboard; name = Base; path = Base.lproj/Main.storyboard; sourceTree = "<group>"; };
		3B059E7B23BC7B9F001CA1AE /* Assets.xcassets */ = {isa = PBXFileReference; lastKnownFileType = folder.assetcatalog; path = Assets.xcassets; sourceTree = "<group>"; };
		3B059E7E23BC7B9F001CA1AE /* Base */ = {isa = PBXFileReference; lastKnownFileType = file.storyboard; name = Base; path = Base.lproj/LaunchScreen.storyboard; sourceTree = "<group>"; };
		3B059E8023BC7B9F001CA1AE /* Info.plist */ = {isa = PBXFileReference; lastKnownFileType = text.plist.xml; path = Info.plist; sourceTree = "<group>"; };
		3B059E8123BC7B9F001CA1AE /* main.m */ = {isa = PBXFileReference; lastKnownFileType = sourcecode.c.objc; path = main.m; sourceTree = "<group>"; };
		734DA62291DDCC7F7F152843 /* Pods-Fastlane_iOS.debug.xcconfig */ = {isa = PBXFileReference; includeInIndex = 1; lastKnownFileType = text.xcconfig; name = "Pods-Fastlane_iOS.debug.xcconfig"; path = "Target Support Files/Pods-Fastlane_iOS/Pods-Fastlane_iOS.debug.xcconfig"; sourceTree = "<group>"; };
		96026CD7BFD361A79231AB91 /* Pods-Fastlane_iOS.release.xcconfig */ = {isa = PBXFileReference; includeInIndex = 1; lastKnownFileType = text.xcconfig; name = "Pods-Fastlane_iOS.release.xcconfig"; path = "Target Support Files/Pods-Fastlane_iOS/Pods-Fastlane_iOS.release.xcconfig"; sourceTree = "<group>"; };
		DE718A93C118C38DB64F4BF2 /* Pods_Fastlane_iOS.framework */ = {isa = PBXFileReference; explicitFileType = wrapper.framework; includeInIndex = 0; path = Pods_Fastlane_iOS.framework; sourceTree = BUILT_PRODUCTS_DIR; };
/* End PBXFileReference section */

/* Begin PBXFrameworksBuildPhase section */
		3B059E6923BC7B9E001CA1AE /* Frameworks */ = {
			isa = PBXFrameworksBuildPhase;
			buildActionMask = 2147483647;
			files = (
				496FACAEEC9F3D0505688B24 /* Pods_Fastlane_iOS.framework in Frameworks */,
			);
			runOnlyForDeploymentPostprocessing = 0;
		};
/* End PBXFrameworksBuildPhase section */

/* Begin PBXGroup section */
		3B059E6323BC7B9E001CA1AE = {
			isa = PBXGroup;
			children = (
				3B059E6E23BC7B9E001CA1AE /* Fastlane_iOS */,
				3B059E6D23BC7B9E001CA1AE /* Products */,
				F3703BBD1FD89886D03F4114 /* Pods */,
				D9CA8A6AF5895A4870125A39 /* Frameworks */,
			);
			sourceTree = "<group>";
		};
		3B059E6D23BC7B9E001CA1AE /* Products */ = {
			isa = PBXGroup;
			children = (
				3B059E6C23BC7B9E001CA1AE /* Fastlane_iOS.app */,
			);
			name = Products;
			sourceTree = "<group>";
		};
		3B059E6E23BC7B9E001CA1AE /* Fastlane_iOS */ = {
			isa = PBXGroup;
			children = (
				3B059E6F23BC7B9E001CA1AE /* AppDelegate.h */,
				3B059E7023BC7B9E001CA1AE /* AppDelegate.m */,
				3B059E7223BC7B9E001CA1AE /* SceneDelegate.h */,
				3B059E7323BC7B9E001CA1AE /* SceneDelegate.m */,
				3B059E7523BC7B9E001CA1AE /* ViewController.h */,
				3B059E7623BC7B9E001CA1AE /* ViewController.m */,
				3B059E7823BC7B9E001CA1AE /* Main.storyboard */,
				3B059E7B23BC7B9F001CA1AE /* Assets.xcassets */,
				3B059E7D23BC7B9F001CA1AE /* LaunchScreen.storyboard */,
				3B059E8023BC7B9F001CA1AE /* Info.plist */,
				3B059E8123BC7B9F001CA1AE /* main.m */,
			);
			path = Fastlane_iOS;
			sourceTree = "<group>";
		};
		D9CA8A6AF5895A4870125A39 /* Frameworks */ = {
			isa = PBXGroup;
			children = (
				DE718A93C118C38DB64F4BF2 /* Pods_Fastlane_iOS.framework */,
			);
			name = Frameworks;
			sourceTree = "<group>";
		};
		F3703BBD1FD89886D03F4114 /* Pods */ = {
			isa = PBXGroup;
			children = (
				734DA62291DDCC7F7F152843 /* Pods-Fastlane_iOS.debug.xcconfig */,
				96026CD7BFD361A79231AB91 /* Pods-Fastlane_iOS.release.xcconfig */,
			);
			name = Pods;
			path = Pods;
			sourceTree = "<group>";
		};
/* End PBXGroup section */

/* Begin PBXNativeTarget section */
		3B059E6B23BC7B9E001CA1AE /* Fastlane_iOS */ = {
			isa = PBXNativeTarget;
			buildConfigurationList = 3B059E8523BC7B9F001CA1AE /* Build configuration list for PBXNativeTarget "Fastlane_iOS" */;
			buildPhases = (
				EBBE7CEE352570449B0B9C2A /* [CP] Check Pods Manifest.lock */,
				3B059E6823BC7B9E001CA1AE /* Sources */,
				3B059E6923BC7B9E001CA1AE /* Frameworks */,
				3B059E6A23BC7B9E001CA1AE /* Resources */,
			);
			buildRules = (
			);
			dependencies = (
			);
			name = Fastlane_iOS;
			productName = Fastlane_iOS;
			productReference = 3B059E6C23BC7B9E001CA1AE /* Fastlane_iOS.app */;
			productType = "com.apple.product-type.application";
		};
/* End PBXNativeTarget section */

/* Begin PBXProject section */
		3B059E6423BC7B9E001CA1AE /* Project object */ = {
			isa = PBXProject;
			attributes = {
				LastUpgradeCheck = 1110;
				ORGANIZATIONNAME = wyh;
				TargetAttributes = {
					3B059E6B23BC7B9E001CA1AE = {
						CreatedOnToolsVersion = 11.1;
					};
				};
			};
			buildConfigurationList = 3B059E6723BC7B9E001CA1AE /* Build configuration list for PBXProject "Fastlane_iOS" */;
			compatibilityVersion = "Xcode 9.3";
			developmentRegion = en;
			hasScannedForEncodings = 0;
			knownRegions = (
				en,
				Base,
			);
			mainGroup = 3B059E6323BC7B9E001CA1AE;
			productRefGroup = 3B059E6D23BC7B9E001CA1AE /* Products */;
			projectDirPath = "";
			projectRoot = "";
			targets = (
				3B059E6B23BC7B9E001CA1AE /* Fastlane_iOS */,
			);
		};
/* End PBXProject section */

/* Begin PBXResourcesBuildPhase section */
		3B059E6A23BC7B9E001CA1AE /* Resources */ = {
			isa = PBXResourcesBuildPhase;
			buildActionMask = 2147483647;
			files = (
				3B059E7F23BC7B9F001CA1AE /* LaunchScreen.storyboard in Resources */,
				3B059E7C23BC7B9F001CA1AE /* Assets.xcassets in Resources */,
				3B059E7A23BC7B9E001CA1AE /* Main.storyboard in Resources */,
			);
			runOnlyForDeploymentPostprocessing = 0;
		};
/* End PBXResourcesBuildPhase section */

/* Begin PBXShellScriptBuildPhase section */
		EBBE7CEE352570449B0B9C2A /* [CP] Check Pods Manifest.lock */ = {
			isa = PBXShellScriptBuildPhase;
			buildActionMask = 2147483647;
			files = (
			);
			inputFileListPaths = (
			);
			inputPaths = (
				"${PODS_PODFILE_DIR_PATH}/Podfile.lock",
				"${PODS_ROOT}/Manifest.lock",
			);
			name = "[CP] Check Pods Manifest.lock";
			outputFileListPaths = (
			);
			outputPaths = (
				"$(DERIVED_FILE_DIR)/Pods-Fastlane_iOS-checkManifestLockResult.txt",
			);
			runOnlyForDeploymentPostprocessing = 0;
			shellPath = /bin/sh;
			shellScript = "diff \"${PODS_PODFILE_DIR_PATH}/Podfile.lock\" \"${PODS_ROOT}/Manifest.lock\" > /dev/null\nif [ $? != 0 ] ; then\n    # print error to STDERR\n    echo \"error: The sandbox is not in sync with the Podfile.lock. Run 'pod install' or update your CocoaPods installation.\" >&2\n    exit 1\nfi\n# This output is used by Xcode 'outputs' to avoid re-running this script phase.\necho \"SUCCESS\" > \"${SCRIPT_OUTPUT_FILE_0}\"\n";
			showEnvVarsInLog = 0;
		};
/* End PBXShellScriptBuildPhase section */

/* Begin PBXSourcesBuildPhase section */
		3B059E6823BC7B9E001CA1AE /* Sources */ = {
			isa = PBXSourcesBuildPhase;
			buildActionMask = 2147483647;
			files = (
				3B059E7723BC7B9E001CA1AE /* ViewController.m in Sources */,
				3B059E7123BC7B9E001CA1AE /* AppDelegate.m in Sources */,
				3B059E8223BC7B9F001CA1AE /* main.m in Sources */,
				3B059E7423BC7B9E001CA1AE /* SceneDelegate.m in Sources */,
			);
			runOnlyForDeploymentPostprocessing = 0;
		};
/* End PBXSourcesBuildPhase section */

/* Begin PBXVariantGroup section */
		3B059E7823BC7B9E001CA1AE /* Main.storyboard */ = {
			isa = PBXVariantGroup;
			children = (
				3B059E7923BC7B9E001CA1AE /* Base */,
			);
			name = Main.storyboard;
			sourceTree = "<group>";
		};
		3B059E7D23BC7B9F001CA1AE /* LaunchScreen.storyboard */ = {
			isa = PBXVariantGroup;
			children = (
				3B059E7E23BC7B9F001CA1AE /* Base */,
			);
			name = LaunchScreen.storyboard;
			sourceTree = "<group>";
		};
/* End PBXVariantGroup section */

/* Begin XCBuildConfiguration section */
		3B059E8323BC7B9F001CA1AE /* Debug */ = {
			isa = XCBuildConfiguration;
			buildSettings = {
				ALWAYS_SEARCH_USER_PATHS = NO;
				CLANG_ANALYZER_NONNULL = YES;
				CLANG_ANALYZER_NUMBER_OBJECT_CONVERSION = YES_AGGRESSIVE;
				CLANG_CXX_LANGUAGE_STANDARD = "gnu++14";
				CLANG_CXX_LIBRARY = "libc++";
				CLANG_ENABLE_MODULES = YES;
				CLANG_ENABLE_OBJC_ARC = YES;
				CLANG_ENABLE_OBJC_WEAK = YES;
				CLANG_WARN_BLOCK_CAPTURE_AUTORELEASING = YES;
				CLANG_WARN_BOOL_CONVERSION = YES;
				CLANG_WARN_COMMA = YES;
				CLANG_WARN_CONSTANT_CONVERSION = YES;
				CLANG_WARN_DEPRECATED_OBJC_IMPLEMENTATIONS = YES;
				CLANG_WARN_DIRECT_OBJC_ISA_USAGE = YES_ERROR;
				CLANG_WARN_DOCUMENTATION_COMMENTS = YES;
				CLANG_WARN_EMPTY_BODY = YES;
				CLANG_WARN_ENUM_CONVERSION = YES;
				CLANG_WARN_INFINITE_RECURSION = YES;
				CLANG_WARN_INT_CONVERSION = YES;
				CLANG_WARN_NON_LITERAL_NULL_CONVERSION = YES;
				CLANG_WARN_OBJC_IMPLICIT_RETAIN_SELF = YES;
				CLANG_WARN_OBJC_LITERAL_CONVERSION = YES;
				CLANG_WARN_OBJC_ROOT_CLASS = YES_ERROR;
				CLANG_WARN_RANGE_LOOP_ANALYSIS = YES;
				CLANG_WARN_STRICT_PROTOTYPES = YES;
				CLANG_WARN_SUSPICIOUS_MOVE = YES;
				CLANG_WARN_UNGUARDED_AVAILABILITY = YES_AGGRESSIVE;
				CLANG_WARN_UNREACHABLE_CODE = YES;
				CLANG_WARN__DUPLICATE_METHOD_MATCH = YES;
				COPY_PHASE_STRIP = NO;
				DEBUG_INFORMATION_FORMAT = dwarf;
				ENABLE_STRICT_OBJC_MSGSEND = YES;
				ENABLE_TESTABILITY = YES;
				GCC_C_LANGUAGE_STANDARD = gnu11;
				GCC_DYNAMIC_NO_PIC = NO;
				GCC_NO_COMMON_BLOCKS = YES;
				GCC_OPTIMIZATION_LEVEL = 0;
				GCC_PREPROCESSOR_DEFINITIONS = (
					"DEBUG=1",
					"$(inherited)",
				);
				GCC_WARN_64_TO_32_BIT_CONVERSION = YES;
				GCC_WARN_ABOUT_RETURN_TYPE = YES_ERROR;
				GCC_WARN_UNDECLARED_SELECTOR = YES;
				GCC_WARN_UNINITIALIZED_AUTOS = YES_AGGRESSIVE;
				GCC_WARN_UNUSED_FUNCTION = YES;
				GCC_WARN_UNUSED_VARIABLE = YES;
				IPHONEOS_DEPLOYMENT_TARGET = 13.1;
				MTL_ENABLE_DEBUG_INFO = INCLUDE_SOURCE;
				MTL_FAST_MATH = YES;
				ONLY_ACTIVE_ARCH = YES;
				SDKROOT = iphoneos;
			};
			name = Debug;
		};
		3B059E8423BC7B9F001CA1AE /* Release */ = {
			isa = XCBuildConfiguration;
			buildSettings = {
				ALWAYS_SEARCH_USER_PATHS = NO;
				CLANG_ANALYZER_NONNULL = YES;
				CLANG_ANALYZER_NUMBER_OBJECT_CONVERSION = YES_AGGRESSIVE;
				CLANG_CXX_LANGUAGE_STANDARD = "gnu++14";
				CLANG_CXX_LIBRARY = "libc++";
				CLANG_ENABLE_MODULES = YES;
				CLANG_ENABLE_OBJC_ARC = YES;
				CLANG_ENABLE_OBJC_WEAK = YES;
				CLANG_WARN_BLOCK_CAPTURE_AUTORELEASING = YES;
				CLANG_WARN_BOOL_CONVERSION = YES;
				CLANG_WARN_COMMA = YES;
				CLANG_WARN_CONSTANT_CONVERSION = YES;
				CLANG_WARN_DEPRECATED_OBJC_IMPLEMENTATIONS = YES;
				CLANG_WARN_DIRECT_OBJC_ISA_USAGE = YES_ERROR;
				CLANG_WARN_DOCUMENTATION_COMMENTS = YES;
				CLANG_WARN_EMPTY_BODY = YES;
				CLANG_WARN_ENUM_CONVERSION = YES;
				CLANG_WARN_INFINITE_RECURSION = YES;
				CLANG_WARN_INT_CONVERSION = YES;
				CLANG_WARN_NON_LITERAL_NULL_CONVERSION = YES;
				CLANG_WARN_OBJC_IMPLICIT_RETAIN_SELF = YES;
				CLANG_WARN_OBJC_LITERAL_CONVERSION = YES;
				CLANG_WARN_OBJC_ROOT_CLASS = YES_ERROR;
				CLANG_WARN_RANGE_LOOP_ANALYSIS = YES;
				CLANG_WARN_STRICT_PROTOTYPES = YES;
				CLANG_WARN_SUSPICIOUS_MOVE = YES;
				CLANG_WARN_UNGUARDED_AVAILABILITY = YES_AGGRESSIVE;
				CLANG_WARN_UNREACHABLE_CODE = YES;
				CLANG_WARN__DUPLICATE_METHOD_MATCH = YES;
				COPY_PHASE_STRIP = NO;
				DEBUG_INFORMATION_FORMAT = "dwarf-with-dsym";
				ENABLE_NS_ASSERTIONS = NO;
				ENABLE_STRICT_OBJC_MSGSEND = YES;
				GCC_C_LANGUAGE_STANDARD = gnu11;
				GCC_NO_COMMON_BLOCKS = YES;
				GCC_WARN_64_TO_32_BIT_CONVERSION = YES;
				GCC_WARN_ABOUT_RETURN_TYPE = YES_ERROR;
				GCC_WARN_UNDECLARED_SELECTOR = YES;
				GCC_WARN_UNINITIALIZED_AUTOS = YES_AGGRESSIVE;
				GCC_WARN_UNUSED_FUNCTION = YES;
				GCC_WARN_UNUSED_VARIABLE = YES;
				IPHONEOS_DEPLOYMENT_TARGET = 13.1;
				MTL_ENABLE_DEBUG_INFO = NO;
				MTL_FAST_MATH = YES;
				SDKROOT = iphoneos;
				VALIDATE_PRODUCT = YES;
			};
			name = Release;
		};
		3B059E8623BC7B9F001CA1AE /* Debug */ = {
			isa = XCBuildConfiguration;
			baseConfigurationReference = 734DA62291DDCC7F7F152843 /* Pods-Fastlane_iOS.debug.xcconfig */;
			buildSettings = {
				ASSETCATALOG_COMPILER_APPICON_NAME = AppIcon;
				CODE_SIGN_STYLE = Automatic;
				DEVELOPMENT_TEAM = 7LLFP9K7Y8;
				INFOPLIST_FILE = Fastlane_iOS/Info.plist;
				LD_RUNPATH_SEARCH_PATHS = (
					"$(inherited)",
					"@executable_path/Frameworks",
				);
				PRODUCT_BUNDLE_IDENTIFIER = "com.wyh.Fastlane-iOS";
				PRODUCT_NAME = "$(TARGET_NAME)";
				TARGETED_DEVICE_FAMILY = "1,2";
			};
			name = Debug;
		};
		3B059E8723BC7B9F001CA1AE /* Release */ = {
			isa = XCBuildConfiguration;
			baseConfigurationReference = 96026CD7BFD361A79231AB91 /* Pods-Fastlane_iOS.release.xcconfig */;
			buildSettings = {
				ASSETCATALOG_COMPILER_APPICON_NAME = AppIcon;
				CODE_SIGN_STYLE = Automatic;
				DEVELOPMENT_TEAM = 7LLFP9K7Y8;
				INFOPLIST_FILE = Fastlane_iOS/Info.plist;
				LD_RUNPATH_SEARCH_PATHS = (
					"$(inherited)",
					"@executable_path/Frameworks",
				);
				PRODUCT_BUNDLE_IDENTIFIER = "com.wyh.Fastlane-iOS";
				PRODUCT_NAME = "$(TARGET_NAME)";
				TARGETED_DEVICE_FAMILY = "1,2";
			};
			name = Release;
		};
/* End XCBuildConfiguration section */

/* Begin XCConfigurationList section */
		3B059E6723BC7B9E001CA1AE /* Build configuration list for PBXProject "Fastlane_iOS" */ = {
			isa = XCConfigurationList;
			buildConfigurations = (
				3B059E8323BC7B9F001CA1AE /* Debug */,
				3B059E8423BC7B9F001CA1AE /* Release */,
			);
			defaultConfigurationIsVisible = 0;
			defaultConfigurationName = Release;
		};
		3B059E8523BC7B9F001CA1AE /* Build configuration list for PBXNativeTarget "Fastlane_iOS" */ = {
			isa = XCConfigurationList;
			buildConfigurations = (
				3B059E8623BC7B9F001CA1AE /* Debug */,
				3B059E8723BC7B9F001CA1AE /* Release */,
			);
			defaultConfigurationIsVisible = 0;
			defaultConfigurationName = Release;
		};
/* End XCConfigurationList section */
	};
	rootObject = 3B059E6423BC7B9E001CA1AE /* Project object */;
}
